
Microsoft Visual Studio Solution File, Format Version 12.00
# Visual Studio Version 17
VisualStudioVersion = 17.9.34728.123
MinimumVisualStudioVersion = 10.0.40219.1
Project("{FAE04EC0-301F-11D3-BF4B-00C04F79EFBC}") = "Calculadora.FE", "Calculadora.FE\Calculadora.FE.csproj", "{2366C4E6-D5A5-4502-94FA-6A8988C5FC09}"
EndProject
Global
	GlobalSection(SolutionConfigurationPlatforms) = preSolution
		Debug|Any CPU = Debug|Any CPU
		Release|Any CPU = Release|Any CPU
	EndGlobalSection
	GlobalSection(ProjectConfigurationPlatforms) = postSolution
		{2366C4E6-D5A5-4502-94FA-6A8988C5FC09}.Debug|Any CPU.ActiveCfg = Debug|Any CPU
		{2366C4E6-D5A5-4502-94FA-6A8988C5FC09}.Debug|Any CPU.Build.0 = Debug|Any CPU
		{2366C4E6-D5A5-4502-94FA-6A8988C5FC09}.Release|Any CPU.ActiveCfg = Release|Any CPU
		{2366C4E6-D5A5-4502-94FA-6A8988C5FC09}.Release|Any CPU.Build.0 = Release|Any CPU
	EndGlobalSection
	GlobalSection(SolutionProperties) = preSolution
		HideSolutionNode = FALSE
	EndGlobalSection
	GlobalSection(ExtensibilityGlobals) = postSolution
		SolutionGuid = {3DBDB91F-F197-4C54-9F7C-9B0BA15E6CF9}
	EndGlobalSection
EndGlobal
